
Microsoft Visual Studio Solution File, Format Version 12.00
# Visual Studio Version 17
VisualStudioVersion = 17.14.36518.9 d17.14
MinimumVisualStudioVersion = 10.0.40219.1
Project("{FAE04EC0-301F-11D3-BF4B-00C04F79EFBC}") = "WF-HomeWork-4", "WF-HomeWork-4.csproj", "{1BB3A776-CFE3-4B23-AB48-EBDDA4817929}"
EndProject
Global
	GlobalSection(SolutionConfigurationPlatforms) = preSolution
		Debug|Any CPU = Debug|Any CPU
		Release|Any CPU = Release|Any CPU
	EndGlobalSection
	GlobalSection(ProjectConfigurationPlatforms) = postSolution
		{1BB3A776-CFE3-4B23-AB48-EBDDA4817929}.Debug|Any CPU.ActiveCfg = Debug|Any CPU
		{1BB3A776-CFE3-4B23-AB48-EBDDA4817929}.Debug|Any CPU.Build.0 = Debug|Any CPU
		{1BB3A776-CFE3-4B23-AB48-EBDDA4817929}.Release|Any CPU.ActiveCfg = Release|Any CPU
		{1BB3A776-CFE3-4B23-AB48-EBDDA4817929}.Release|Any CPU.Build.0 = Release|Any CPU
	EndGlobalSection
	GlobalSection(SolutionProperties) = preSolution
		HideSolutionNode = FALSE
	EndGlobalSection
	GlobalSection(ExtensibilityGlobals) = postSolution
		SolutionGuid = {1314CAA6-53F5-4AA2-926D-A2A23C43B2DB}
	EndGlobalSection
EndGlobal
